
Microsoft Visual Studio Solution File, Format Version 12.00
# Visual Studio Version 17
VisualStudioVersion = 17.9.34728.123
MinimumVisualStudioVersion = 10.0.40219.1
Project("{9A19103F-16F7-4668-BE54-9A1E7A4F7556}") = "FYP_Appointment_Management", "FYP_Appointment_Management\FYP_Appointment_Management.csproj", "{033B961C-84CF-4026-9848-DBDDA2B691AA}"
EndProject
Global
	GlobalSection(SolutionConfigurationPlatforms) = preSolution
		Debug|Any CPU = Debug|Any CPU
		Release|Any CPU = Release|Any CPU
	EndGlobalSection
	GlobalSection(ProjectConfigurationPlatforms) = postSolution
		{033B961C-84CF-4026-9848-DBDDA2B691AA}.Debug|Any CPU.ActiveCfg = Debug|Any CPU
		{033B961C-84CF-4026-9848-DBDDA2B691AA}.Debug|Any CPU.Build.0 = Debug|Any CPU
		{033B961C-84CF-4026-9848-DBDDA2B691AA}.Release|Any CPU.ActiveCfg = Release|Any CPU
		{033B961C-84CF-4026-9848-DBDDA2B691AA}.Release|Any CPU.Build.0 = Release|Any CPU
	EndGlobalSection
	GlobalSection(SolutionProperties) = preSolution
		HideSolutionNode = FALSE
	EndGlobalSection
	GlobalSection(ExtensibilityGlobals) = postSolution
		SolutionGuid = {29E051F3-A393-4689-9F3D-B06898CA91F6}
	EndGlobalSection
EndGlobal
